
Microsoft Visual Studio Solution File, Format Version 12.00
# Visual Studio Version 16
VisualStudioVersion = 25.0.1706.0
MinimumVisualStudioVersion = 10.0.40219.1
Project("{FAE04EC0-301F-11D3-BF4B-00C04F79EFBC}") = "ResDiaryTask", "ResDiaryTask\ResDiaryTask.csproj", "{822CA48B-4A5A-4F6E-8281-59C24B0E3D04}"
EndProject
Project("{FAE04EC0-301F-11D3-BF4B-00C04F79EFBC}") = "ResDiaryTaskTest", "ResDiaryTaskTest\ResDiaryTaskTest.csproj", "{37DE061C-AC77-462E-B802-250BDD46C254}"
EndProject
Global
	GlobalSection(SolutionConfigurationPlatforms) = preSolution
		Debug|Any CPU = Debug|Any CPU
		Release|Any CPU = Release|Any CPU
	EndGlobalSection
	GlobalSection(ProjectConfigurationPlatforms) = postSolution
		{822CA48B-4A5A-4F6E-8281-59C24B0E3D04}.Debug|Any CPU.ActiveCfg = Debug|Any CPU
		{822CA48B-4A5A-4F6E-8281-59C24B0E3D04}.Debug|Any CPU.Build.0 = Debug|Any CPU
		{822CA48B-4A5A-4F6E-8281-59C24B0E3D04}.Release|Any CPU.ActiveCfg = Release|Any CPU
		{822CA48B-4A5A-4F6E-8281-59C24B0E3D04}.Release|Any CPU.Build.0 = Release|Any CPU
		{37DE061C-AC77-462E-B802-250BDD46C254}.Debug|Any CPU.ActiveCfg = Debug|Any CPU
		{37DE061C-AC77-462E-B802-250BDD46C254}.Debug|Any CPU.Build.0 = Debug|Any CPU
		{37DE061C-AC77-462E-B802-250BDD46C254}.Release|Any CPU.ActiveCfg = Release|Any CPU
		{37DE061C-AC77-462E-B802-250BDD46C254}.Release|Any CPU.Build.0 = Release|Any CPU
	EndGlobalSection
	GlobalSection(SolutionProperties) = preSolution
		HideSolutionNode = FALSE
	EndGlobalSection
	GlobalSection(ExtensibilityGlobals) = postSolution
		SolutionGuid = {098F499A-7F68-4313-9185-F39034534A80}
	EndGlobalSection
EndGlobal
